
Microsoft Visual Studio Solution File, Format Version 12.00
# Visual Studio Version 16
VisualStudioVersion = 25.0.1704.0
MinimumVisualStudioVersion = 10.0.40219.1
Project("{FAE04EC0-301F-11D3-BF4B-00C04F79EFBC}") = "Span.Culturio.Microservices.Users", "Span.Culturio.Microservices.Users\Span.Culturio.Microservices.Users.csproj", "{00EDC00D-5E57-4DA1-8192-F79FEACC67E2}"
EndProject
Project("{FAE04EC0-301F-11D3-BF4B-00C04F79EFBC}") = "Span.Culturio.Microservices.Core", "Span.Culturio.Microservices.Core\Span.Culturio.Microservices.Core.csproj", "{55775A38-CBBB-4C45-9419-54A4CEF99014}"
EndProject
Project("{FAE04EC0-301F-11D3-BF4B-00C04F79EFBC}") = "Span.Culturio.Microservices.CultureObjects", "Span.Culturio.Microservices.CultureObjects\Span.Culturio.Microservices.CultureObjects.csproj", "{8134236A-01DE-4769-86A3-FA8A3239EA2E}"
EndProject
Project("{FAE04EC0-301F-11D3-BF4B-00C04F79EFBC}") = "Span.Culturio.Microservices.Subscriptions", "Span.Culturio.Microservices.Subscriptions\Span.Culturio.Microservices.Subscriptions.csproj", "{CABE5039-BA07-4B8E-9BFC-7C080D3F0F3E}"
EndProject
Project("{FAE04EC0-301F-11D3-BF4B-00C04F79EFBC}") = "Span.Culturio.Microservices.Packages", "Span.Culturio.Microservices.Packages\Span.Culturio.Microservices.Packages.csproj", "{6A02297D-50FA-45DE-88BD-DD5C406531FD}"
EndProject
Project("{2150E333-8FDC-42A3-9474-1A3956D46DE8}") = "Services", "Services", "{56AA2F55-E996-4900-9950-83DB5C61D62D}"
EndProject
Project("{2150E333-8FDC-42A3-9474-1A3956D46DE8}") = "Clients", "Clients", "{A5BBBD8D-4367-4922-B2AB-723BB8163D11}"
EndProject
Project("{2150E333-8FDC-42A3-9474-1A3956D46DE8}") = "Shared", "Shared", "{2CDDF4F3-DE45-46D5-B520-CC7E6712894C}"
EndProject
Project("{2150E333-8FDC-42A3-9474-1A3956D46DE8}") = "ApiGateway", "ApiGateway", "{456FE7F2-D0DB-4E2F-8587-139B3C57A734}"
EndProject
Project("{E53339B2-1760-4266-BCC7-CA923CBCF16C}") = "docker-compose", "docker-compose.dcproj", "{9B5C3704-A134-454C-B7C4-3057AC070158}"
EndProject
Project("{FAE04EC0-301F-11D3-BF4B-00C04F79EFBC}") = "Span.Culturio.Auth", "Span.Culturio.Auth\Span.Culturio.Auth.csproj", "{48C1DC0A-C534-412D-BDD0-324B0DFF9919}"
EndProject
Project("{FAE04EC0-301F-11D3-BF4B-00C04F79EFBC}") = "Span.Culturio.Ui", "..\Span.Culturio.Ui\Span.Culturio.Ui.csproj", "{62935DA3-BD0F-44E3-9E64-5C2F20BF78AE}"
EndProject
Project("{FAE04EC0-301F-11D3-BF4B-00C04F79EFBC}") = "Span.Culturio.Ui2", "..\Span.Culturio.Ui2\Span.Culturio.Ui2.csproj", "{186AFABC-9404-43BE-BE26-96A0519894FA}"
EndProject
Project("{FAE04EC0-301F-11D3-BF4B-00C04F79EFBC}") = "Span.Culturio.ApiGateway", "Span.Culturio.ApiGateway\Span.Culturio.ApiGateway.csproj", "{AEED2C4C-104C-4EEC-869A-C6E24C168C04}"
EndProject
Global
	GlobalSection(SolutionConfigurationPlatforms) = preSolution
		Debug|Any CPU = Debug|Any CPU
		Release|Any CPU = Release|Any CPU
	EndGlobalSection
	GlobalSection(ProjectConfigurationPlatforms) = postSolution
		{00EDC00D-5E57-4DA1-8192-F79FEACC67E2}.Debug|Any CPU.ActiveCfg = Debug|Any CPU
		{00EDC00D-5E57-4DA1-8192-F79FEACC67E2}.Debug|Any CPU.Build.0 = Debug|Any CPU
		{00EDC00D-5E57-4DA1-8192-F79FEACC67E2}.Release|Any CPU.ActiveCfg = Release|Any CPU
		{00EDC00D-5E57-4DA1-8192-F79FEACC67E2}.Release|Any CPU.Build.0 = Release|Any CPU
		{55775A38-CBBB-4C45-9419-54A4CEF99014}.Debug|Any CPU.ActiveCfg = Debug|Any CPU
		{55775A38-CBBB-4C45-9419-54A4CEF99014}.Debug|Any CPU.Build.0 = Debug|Any CPU
		{55775A38-CBBB-4C45-9419-54A4CEF99014}.Release|Any CPU.ActiveCfg = Release|Any CPU
		{55775A38-CBBB-4C45-9419-54A4CEF99014}.Release|Any CPU.Build.0 = Release|Any CPU
		{8134236A-01DE-4769-86A3-FA8A3239EA2E}.Debug|Any CPU.ActiveCfg = Debug|Any CPU
		{8134236A-01DE-4769-86A3-FA8A3239EA2E}.Debug|Any CPU.Build.0 = Debug|Any CPU
		{8134236A-01DE-4769-86A3-FA8A3239EA2E}.Release|Any CPU.ActiveCfg = Release|Any CPU
		{8134236A-01DE-4769-86A3-FA8A3239EA2E}.Release|Any CPU.Build.0 = Release|Any CPU
		{CABE5039-BA07-4B8E-9BFC-7C080D3F0F3E}.Debug|Any CPU.ActiveCfg = Debug|Any CPU
		{CABE5039-BA07-4B8E-9BFC-7C080D3F0F3E}.Debug|Any CPU.Build.0 = Debug|Any CPU
		{CABE5039-BA07-4B8E-9BFC-7C080D3F0F3E}.Release|Any CPU.ActiveCfg = Release|Any CPU
		{CABE5039-BA07-4B8E-9BFC-7C080D3F0F3E}.Release|Any CPU.Build.0 = Release|Any CPU
		{6A02297D-50FA-45DE-88BD-DD5C406531FD}.Debug|Any CPU.ActiveCfg = Debug|Any CPU
		{6A02297D-50FA-45DE-88BD-DD5C406531FD}.Debug|Any CPU.Build.0 = Debug|Any CPU
		{6A02297D-50FA-45DE-88BD-DD5C406531FD}.Release|Any CPU.ActiveCfg = Release|Any CPU
		{6A02297D-50FA-45DE-88BD-DD5C406531FD}.Release|Any CPU.Build.0 = Release|Any CPU
		{9B5C3704-A134-454C-B7C4-3057AC070158}.Debug|Any CPU.ActiveCfg = Debug|Any CPU
		{9B5C3704-A134-454C-B7C4-3057AC070158}.Debug|Any CPU.Build.0 = Debug|Any CPU
		{9B5C3704-A134-454C-B7C4-3057AC070158}.Release|Any CPU.ActiveCfg = Release|Any CPU
		{9B5C3704-A134-454C-B7C4-3057AC070158}.Release|Any CPU.Build.0 = Release|Any CPU
		{48C1DC0A-C534-412D-BDD0-324B0DFF9919}.Debug|Any CPU.ActiveCfg = Debug|Any CPU
		{48C1DC0A-C534-412D-BDD0-324B0DFF9919}.Debug|Any CPU.Build.0 = Debug|Any CPU
		{48C1DC0A-C534-412D-BDD0-324B0DFF9919}.Release|Any CPU.ActiveCfg = Release|Any CPU
		{48C1DC0A-C534-412D-BDD0-324B0DFF9919}.Release|Any CPU.Build.0 = Release|Any CPU
		{62935DA3-BD0F-44E3-9E64-5C2F20BF78AE}.Debug|Any CPU.ActiveCfg = Debug|Any CPU
		{62935DA3-BD0F-44E3-9E64-5C2F20BF78AE}.Debug|Any CPU.Build.0 = Debug|Any CPU
		{62935DA3-BD0F-44E3-9E64-5C2F20BF78AE}.Release|Any CPU.ActiveCfg = Release|Any CPU
		{62935DA3-BD0F-44E3-9E64-5C2F20BF78AE}.Release|Any CPU.Build.0 = Release|Any CPU
		{186AFABC-9404-43BE-BE26-96A0519894FA}.Debug|Any CPU.ActiveCfg = Debug|Any CPU
		{186AFABC-9404-43BE-BE26-96A0519894FA}.Debug|Any CPU.Build.0 = Debug|Any CPU
		{186AFABC-9404-43BE-BE26-96A0519894FA}.Release|Any CPU.ActiveCfg = Release|Any CPU
		{186AFABC-9404-43BE-BE26-96A0519894FA}.Release|Any CPU.Build.0 = Release|Any CPU
		{AEED2C4C-104C-4EEC-869A-C6E24C168C04}.Debug|Any CPU.ActiveCfg = Debug|Any CPU
		{AEED2C4C-104C-4EEC-869A-C6E24C168C04}.Debug|Any CPU.Build.0 = Debug|Any CPU
		{AEED2C4C-104C-4EEC-869A-C6E24C168C04}.Release|Any CPU.ActiveCfg = Release|Any CPU
		{AEED2C4C-104C-4EEC-869A-C6E24C168C04}.Release|Any CPU.Build.0 = Release|Any CPU
	EndGlobalSection
	GlobalSection(SolutionProperties) = preSolution
		HideSolutionNode = FALSE
	EndGlobalSection
	GlobalSection(ExtensibilityGlobals) = postSolution
		SolutionGuid = {7DAFC6C8-7900-40DB-8C14-4B2E72C0D9F0}
	EndGlobalSection
	GlobalSection(NestedProjects) = preSolution
		{8134236A-01DE-4769-86A3-FA8A3239EA2E} = {56AA2F55-E996-4900-9950-83DB5C61D62D}
		{6A02297D-50FA-45DE-88BD-DD5C406531FD} = {56AA2F55-E996-4900-9950-83DB5C61D62D}
		{CABE5039-BA07-4B8E-9BFC-7C080D3F0F3E} = {56AA2F55-E996-4900-9950-83DB5C61D62D}
		{00EDC00D-5E57-4DA1-8192-F79FEACC67E2} = {56AA2F55-E996-4900-9950-83DB5C61D62D}
		{55775A38-CBBB-4C45-9419-54A4CEF99014} = {2CDDF4F3-DE45-46D5-B520-CC7E6712894C}
		{48C1DC0A-C534-412D-BDD0-324B0DFF9919} = {56AA2F55-E996-4900-9950-83DB5C61D62D}
		{62935DA3-BD0F-44E3-9E64-5C2F20BF78AE} = {A5BBBD8D-4367-4922-B2AB-723BB8163D11}
		{186AFABC-9404-43BE-BE26-96A0519894FA} = {A5BBBD8D-4367-4922-B2AB-723BB8163D11}
		{AEED2C4C-104C-4EEC-869A-C6E24C168C04} = {456FE7F2-D0DB-4E2F-8587-139B3C57A734}
	EndGlobalSection
EndGlobal
